
Microsoft Visual Studio Solution File, Format Version 12.00
# Visual Studio Version 16
VisualStudioVersion = 16.0.33423.256
MinimumVisualStudioVersion = 10.0.40219.1
Project("{FAE04EC0-301F-11D3-BF4B-00C04F79EFBC}") = "Snake-Game", "Snake-Game\Snake-Game.csproj", "{50513620-4ECF-4304-ABEF-F9A67D968FBB}"
EndProject
Global
	GlobalSection(SolutionConfigurationPlatforms) = preSolution
		Debug|Any CPU = Debug|Any CPU
		Release|Any CPU = Release|Any CPU
	EndGlobalSection
	GlobalSection(ProjectConfigurationPlatforms) = postSolution
		{50513620-4ECF-4304-ABEF-F9A67D968FBB}.Debug|Any CPU.ActiveCfg = Debug|Any CPU
		{50513620-4ECF-4304-ABEF-F9A67D968FBB}.Debug|Any CPU.Build.0 = Debug|Any CPU
		{50513620-4ECF-4304-ABEF-F9A67D968FBB}.Release|Any CPU.ActiveCfg = Release|Any CPU
		{50513620-4ECF-4304-ABEF-F9A67D968FBB}.Release|Any CPU.Build.0 = Release|Any CPU
	EndGlobalSection
	GlobalSection(SolutionProperties) = preSolution
		HideSolutionNode = FALSE
	EndGlobalSection
	GlobalSection(ExtensibilityGlobals) = postSolution
		SolutionGuid = {0CE995E7-C728-4CD3-9515-6667662C685A}
	EndGlobalSection
EndGlobal
